// !$*UTF8*$!
{
	archiveVersion = 1;
	classes = {
	};
	objectVersion = 46;
	objects = {

/* Begin PBXBuildFile section */
		91AAE4A11362218100DAB4F4 /* UIKit.framework in Frameworks */ = {isa = PBXBuildFile; fileRef = 91AAE4A01362218100DAB4F4 /* UIKit.framework */; };
		91AAE4A31362218100DAB4F4 /* Foundation.framework in Frameworks */ = {isa = PBXBuildFile; fileRef = 91AAE4A21362218100DAB4F4 /* Foundation.framework */; };
		91AAE4A51362218100DAB4F4 /* CoreGraphics.framework in Frameworks */ = {isa = PBXBuildFile; fileRef = 91AAE4A41362218100DAB4F4 /* CoreGraphics.framework */; };
		91AAE4AB1362218100DAB4F4 /* InfoPlist.strings in Resources */ = {isa = PBXBuildFile; fileRef = 91AAE4A91362218100DAB4F4 /* InfoPlist.strings */; };
		91AAE4AE1362218100DAB4F4 /* main.m in Sources */ = {isa = PBXBuildFile; fileRef = 91AAE4AD1362218100DAB4F4 /* main.m */; };
		91AAE4B11362218100DAB4F4 /* CardsAppDelegate.m in Sources */ = {isa = PBXBuildFile; fileRef = 91AAE4B01362218100DAB4F4 /* CardsAppDelegate.m */; };
		91AAE4B41362218200DAB4F4 /* MainWindow.xib in Resources */ = {isa = PBXBuildFile; fileRef = 91AAE4B21362218200DAB4F4 /* MainWindow.xib */; };
		91AAE4BD136221F000DAB4F4 /* ScrollViewController.m in Sources */ = {isa = PBXBuildFile; fileRef = 91AAE4BB136221F000DAB4F4 /* ScrollViewController.m */; };
		91AAE4BE136221F000DAB4F4 /* ScrollViewController.xib in Resources */ = {isa = PBXBuildFile; fileRef = 91AAE4BC136221F000DAB4F4 /* ScrollViewController.xib */; };
		91AAE5261362352300DAB4F4 /* c01.png in Resources */ = {isa = PBXBuildFile; fileRef = 91AAE4EF1362352300DAB4F4 /* c01.png */; };
		91AAE5271362352300DAB4F4 /* c02.png in Resources */ = {isa = PBXBuildFile; fileRef = 91AAE4F01362352300DAB4F4 /* c02.png */; };
		91AAE5281362352300DAB4F4 /* c03.png in Resources */ = {isa = PBXBuildFile; fileRef = 91AAE4F11362352300DAB4F4 /* c03.png */; };
		91AAE5291362352300DAB4F4 /* c04.png in Resources */ = {isa = PBXBuildFile; fileRef = 91AAE4F21362352300DAB4F4 /* c04.png */; };
		91AAE52A1362352300DAB4F4 /* c05.png in Resources */ = {isa = PBXBuildFile; fileRef = 91AAE4F31362352300DAB4F4 /* c05.png */; };
		91AAE52B1362352300DAB4F4 /* c06.png in Resources */ = {isa = PBXBuildFile; fileRef = 91AAE4F41362352300DAB4F4 /* c06.png */; };
		91AAE52C1362352300DAB4F4 /* c07.png in Resources */ = {isa = PBXBuildFile; fileRef = 91AAE4F51362352300DAB4F4 /* c07.png */; };
		91AAE52D1362352300DAB4F4 /* c08.png in Resources */ = {isa = PBXBuildFile; fileRef = 91AAE4F61362352300DAB4F4 /* c08.png */; };
		91AAE52E1362352300DAB4F4 /* c09.png in Resources */ = {isa = PBXBuildFile; fileRef = 91AAE4F71362352300DAB4F4 /* c09.png */; };
		91AAE52F1362352300DAB4F4 /* c10.png in Resources */ = {isa = PBXBuildFile; fileRef = 91AAE4F81362352300DAB4F4 /* c10.png */; };
		91AAE5301362352300DAB4F4 /* c11.png in Resources */ = {isa = PBXBuildFile; fileRef = 91AAE4F91362352300DAB4F4 /* c11.png */; };
		91AAE5311362352300DAB4F4 /* c12.png in Resources */ = {isa = PBXBuildFile; fileRef = 91AAE4FA1362352300DAB4F4 /* c12.png */; };
		91AAE5321362352300DAB4F4 /* c13.png in Resources */ = {isa = PBXBuildFile; fileRef = 91AAE4FB1362352300DAB4F4 /* c13.png */; };
		91AAE5341362352300DAB4F4 /* cards.plist in Resources */ = {isa = PBXBuildFile; fileRef = 91AAE4FD1362352300DAB4F4 /* cards.plist */; };
		91AAE5351362352300DAB4F4 /* d01.png in Resources */ = {isa = PBXBuildFile; fileRef = 91AAE4FE1362352300DAB4F4 /* d01.png */; };
		91AAE5361362352300DAB4F4 /* d02.png in Resources */ = {isa = PBXBuildFile; fileRef = 91AAE4FF1362352300DAB4F4 /* d02.png */; };
		91AAE5371362352300DAB4F4 /* d03.png in Resources */ = {isa = PBXBuildFile; fileRef = 91AAE5001362352300DAB4F4 /* d03.png */; };
		91AAE5381362352300DAB4F4 /* d04.png in Resources */ = {isa = PBXBuildFile; fileRef = 91AAE5011362352300DAB4F4 /* d04.png */; };
		91AAE5391362352300DAB4F4 /* d05.png in Resources */ = {isa = PBXBuildFile; fileRef = 91AAE5021362352300DAB4F4 /* d05.png */; };
		91AAE53A1362352300DAB4F4 /* d06.png in Resources */ = {isa = PBXBuildFile; fileRef = 91AAE5031362352300DAB4F4 /* d06.png */; };
		91AAE53B1362352300DAB4F4 /* d07.png in Resources */ = {isa = PBXBuildFile; fileRef = 91AAE5041362352300DAB4F4 /* d07.png */; };
		91AAE53C1362352300DAB4F4 /* d08.png in Resources */ = {isa = PBXBuildFile; fileRef = 91AAE5051362352300DAB4F4 /* d08.png */; };
		91AAE53D1362352300DAB4F4 /* d09.png in Resources */ = {isa = PBXBuildFile; fileRef = 91AAE5061362352300DAB4F4 /* d09.png */; };
		91AAE53E1362352300DAB4F4 /* d10.png in Resources */ = {isa = PBXBuildFile; fileRef = 91AAE5071362352300DAB4F4 /* d10.png */; };
		91AAE53F1362352300DAB4F4 /* d11.png in Resources */ = {isa = PBXBuildFile; fileRef = 91AAE5081362352300DAB4F4 /* d11.png */; };
		91AAE5401362352300DAB4F4 /* d12.png in Resources */ = {isa = PBXBuildFile; fileRef = 91AAE5091362352300DAB4F4 /* d12.png */; };
		91AAE5411362352300DAB4F4 /* d13.png in Resources */ = {isa = PBXBuildFile; fileRef = 91AAE50A1362352300DAB4F4 /* d13.png */; };
		91AAE5421362352300DAB4F4 /* generate.py in Resources */ = {isa = PBXBuildFile; fileRef = 91AAE50B1362352300DAB4F4 /* generate.py */; };
		91AAE5431362352300DAB4F4 /* h01.png in Resources */ = {isa = PBXBuildFile; fileRef = 91AAE50C1362352300DAB4F4 /* h01.png */; };
		91AAE5441362352300DAB4F4 /* h02.png in Resources */ = {isa = PBXBuildFile; fileRef = 91AAE50D1362352300DAB4F4 /* h02.png */; };
		91AAE5451362352300DAB4F4 /* h03.png in Resources */ = {isa = PBXBuildFile; fileRef = 91AAE50E1362352300DAB4F4 /* h03.png */; };
		91AAE5461362352300DAB4F4 /* h04.png in Resources */ = {isa = PBXBuildFile; fileRef = 91AAE50F1362352300DAB4F4 /* h04.png */; };
		91AAE5471362352300DAB4F4 /* h05.png in Resources */ = {isa = PBXBuildFile; fileRef = 91AAE5101362352300DAB4F4 /* h05.png */; };
		91AAE5481362352300DAB4F4 /* h06.png in Resources */ = {isa = PBXBuildFile; fileRef = 91AAE5111362352300DAB4F4 /* h06.png */; };
		91AAE5491362352300DAB4F4 /* h07.png in Resources */ = {isa = PBXBuildFile; fileRef = 91AAE5121362352300DAB4F4 /* h07.png */; };
		91AAE54A1362352300DAB4F4 /* h08.png in Resources */ = {isa = PBXBuildFile; fileRef = 91AAE5131362352300DAB4F4 /* h08.png */; };
		91AAE54B1362352400DAB4F4 /* h09.png in Resources */ = {isa = PBXBuildFile; fileRef = 91AAE5141362352300DAB4F4 /* h09.png */; };
		91AAE54C1362352400DAB4F4 /* h10.png in Resources */ = {isa = PBXBuildFile; fileRef = 91AAE5151362352300DAB4F4 /* h10.png */; };
		91AAE54D1362352400DAB4F4 /* h11.png in Resources */ = {isa = PBXBuildFile; fileRef = 91AAE5161362352300DAB4F4 /* h11.png */; };
		91AAE54E1362352400DAB4F4 /* h12.png in Resources */ = {isa = PBXBuildFile; fileRef = 91AAE5171362352300DAB4F4 /* h12.png */; };
		91AAE54F1362352400DAB4F4 /* h13.png in Resources */ = {isa = PBXBuildFile; fileRef = 91AAE5181362352300DAB4F4 /* h13.png */; };
		91AAE5501362352400DAB4F4 /* s01.png in Resources */ = {isa = PBXBuildFile; fileRef = 91AAE5191362352300DAB4F4 /* s01.png */; };
		91AAE5511362352400DAB4F4 /* s02.png in Resources */ = {isa = PBXBuildFile; fileRef = 91AAE51A1362352300DAB4F4 /* s02.png */; };
		91AAE5521362352400DAB4F4 /* s03.png in Resources */ = {isa = PBXBuildFile; fileRef = 91AAE51B1362352300DAB4F4 /* s03.png */; };
		91AAE5531362352400DAB4F4 /* s04.png in Resources */ = {isa = PBXBuildFile; fileRef = 91AAE51C1362352300DAB4F4 /* s04.png */; };
		91AAE5541362352400DAB4F4 /* s05.png in Resources */ = {isa = PBXBuildFile; fileRef = 91AAE51D1362352300DAB4F4 /* s05.png */; };
		91AAE5551362352400DAB4F4 /* s06.png in Resources */ = {isa = PBXBuildFile; fileRef = 91AAE51E1362352300DAB4F4 /* s06.png */; };
		91AAE5561362352400DAB4F4 /* s07.png in Resources */ = {isa = PBXBuildFile; fileRef = 91AAE51F1362352300DAB4F4 /* s07.png */; };
		91AAE5571362352400DAB4F4 /* s08.png in Resources */ = {isa = PBXBuildFile; fileRef = 91AAE5201362352300DAB4F4 /* s08.png */; };
		91AAE5581362352400DAB4F4 /* s09.png in Resources */ = {isa = PBXBuildFile; fileRef = 91AAE5211362352300DAB4F4 /* s09.png */; };
		91AAE5591362352400DAB4F4 /* s10.png in Resources */ = {isa = PBXBuildFile; fileRef = 91AAE5221362352300DAB4F4 /* s10.png */; };
		91AAE55A1362352400DAB4F4 /* s11.png in Resources */ = {isa = PBXBuildFile; fileRef = 91AAE5231362352300DAB4F4 /* s11.png */; };
		91AAE55B1362352400DAB4F4 /* s12.png in Resources */ = {isa = PBXBuildFile; fileRef = 91AAE5241362352300DAB4F4 /* s12.png */; };
		91AAE55C1362352400DAB4F4 /* s13.png in Resources */ = {isa = PBXBuildFile; fileRef = 91AAE5251362352300DAB4F4 /* s13.png */; };
		91AAE5681362C1F800DAB4F4 /* CardViewController.m in Sources */ = {isa = PBXBuildFile; fileRef = 91AAE5661362C1F700DAB4F4 /* CardViewController.m */; };
		91AAE5691362C1F800DAB4F4 /* CardViewController.xib in Resources */ = {isa = PBXBuildFile; fileRef = 91AAE5671362C1F700DAB4F4 /* CardViewController.xib */; };
		91B35B7D136374C700794102 /* launch_image_retina.png in Resources */ = {isa = PBXBuildFile; fileRef = 91B35B79136374C700794102 /* launch_image_retina.png */; };
		91B35B7E136374C700794102 /* launch_image.png in Resources */ = {isa = PBXBuildFile; fileRef = 91B35B7A136374C700794102 /* launch_image.png */; };
		91B35B801363750000794102 /* icon.png in Resources */ = {isa = PBXBuildFile; fileRef = 91B35B7F1363750000794102 /* icon.png */; };
		91B35B821363750A00794102 /* icon_retina.png in Resources */ = {isa = PBXBuildFile; fileRef = 91B35B811363750A00794102 /* icon_retina.png */; };
		91B35B841363751400794102 /* Default.png in Resources */ = {isa = PBXBuildFile; fileRef = 91B35B831363751400794102 /* Default.png */; };
		91B35B861363751C00794102 /* Default@2x.png in Resources */ = {isa = PBXBuildFile; fileRef = 91B35B851363751C00794102 /* Default@2x.png */; };
		91B35B89136375A200794102 /* fabric-texture.png in Resources */ = {isa = PBXBuildFile; fileRef = 91B35B87136375A200794102 /* fabric-texture.png */; };
		91B35B8A136375A200794102 /* fabric-texture@2x.png in Resources */ = {isa = PBXBuildFile; fileRef = 91B35B88136375A200794102 /* fabric-texture@2x.png */; };
/* End PBXBuildFile section */

/* Begin PBXFileReference section */
		91AAE49C1362218100DAB4F4 /* Cards.app */ = {isa = PBXFileReference; explicitFileType = wrapper.application; includeInIndex = 0; path = Cards.app; sourceTree = BUILT_PRODUCTS_DIR; };
		91AAE4A01362218100DAB4F4 /* UIKit.framework */ = {isa = PBXFileReference; lastKnownFileType = wrapper.framework; name = UIKit.framework; path = System/Library/Frameworks/UIKit.framework; sourceTree = SDKROOT; };
		91AAE4A21362218100DAB4F4 /* Foundation.framework */ = {isa = PBXFileReference; lastKnownFileType = wrapper.framework; name = Foundation.framework; path = System/Library/Frameworks/Foundation.framework; sourceTree = SDKROOT; };
		91AAE4A41362218100DAB4F4 /* CoreGraphics.framework */ = {isa = PBXFileReference; lastKnownFileType = wrapper.framework; name = CoreGraphics.framework; path = System/Library/Frameworks/CoreGraphics.framework; sourceTree = SDKROOT; };
		91AAE4A81362218100DAB4F4 /* Cards-Info.plist */ = {isa = PBXFileReference; lastKnownFileType = text.plist.xml; path = "Cards-Info.plist"; sourceTree = "<group>"; };
		91AAE4AA1362218100DAB4F4 /* en */ = {isa = PBXFileReference; lastKnownFileType = text.plist.strings; name = en; path = en.lproj/InfoPlist.strings; sourceTree = "<group>"; };
		91AAE4AC1362218100DAB4F4 /* Cards-Prefix.pch */ = {isa = PBXFileReference; lastKnownFileType = sourcecode.c.h; path = "Cards-Prefix.pch"; sourceTree = "<group>"; };
		91AAE4AD1362218100DAB4F4 /* main.m */ = {isa = PBXFileReference; lastKnownFileType = sourcecode.c.objc; path = main.m; sourceTree = "<group>"; };
		91AAE4AF1362218100DAB4F4 /* CardsAppDelegate.h */ = {isa = PBXFileReference; lastKnownFileType = sourcecode.c.h; path = CardsAppDelegate.h; sourceTree = "<group>"; };
		91AAE4B01362218100DAB4F4 /* CardsAppDelegate.m */ = {isa = PBXFileReference; lastKnownFileType = sourcecode.c.objc; path = CardsAppDelegate.m; sourceTree = "<group>"; };
		91AAE4B31362218200DAB4F4 /* en */ = {isa = PBXFileReference; lastKnownFileType = file.xib; name = en; path = en.lproj/MainWindow.xib; sourceTree = "<group>"; };
		91AAE4BA136221F000DAB4F4 /* ScrollViewController.h */ = {isa = PBXFileReference; fileEncoding = 4; lastKnownFileType = sourcecode.c.h; path = ScrollViewController.h; sourceTree = "<group>"; };
		91AAE4BB136221F000DAB4F4 /* ScrollViewController.m */ = {isa = PBXFileReference; fileEncoding = 4; lastKnownFileType = sourcecode.c.objc; path = ScrollViewController.m; sourceTree = "<group>"; };
		91AAE4BC136221F000DAB4F4 /* ScrollViewController.xib */ = {isa = PBXFileReference; fileEncoding = 4; lastKnownFileType = file.xib; path = ScrollViewController.xib; sourceTree = "<group>"; };
		91AAE4EF1362352300DAB4F4 /* c01.png */ = {isa = PBXFileReference; lastKnownFileType = image.png; path = c01.png; sourceTree = "<group>"; };
		91AAE4F01362352300DAB4F4 /* c02.png */ = {isa = PBXFileReference; lastKnownFileType = image.png; path = c02.png; sourceTree = "<group>"; };
		91AAE4F11362352300DAB4F4 /* c03.png */ = {isa = PBXFileReference; lastKnownFileType = image.png; path = c03.png; sourceTree = "<group>"; };
		91AAE4F21362352300DAB4F4 /* c04.png */ = {isa = PBXFileReference; lastKnownFileType = image.png; path = c04.png; sourceTree = "<group>"; };
		91AAE4F31362352300DAB4F4 /* c05.png */ = {isa = PBXFileReference; lastKnownFileType = image.png; path = c05.png; sourceTree = "<group>"; };
		91AAE4F41362352300DAB4F4 /* c06.png */ = {isa = PBXFileReference; lastKnownFileType = image.png; path = c06.png; sourceTree = "<group>"; };
		91AAE4F51362352300DAB4F4 /* c07.png */ = {isa = PBXFileReference; lastKnownFileType = image.png; path = c07.png; sourceTree = "<group>"; };
		91AAE4F61362352300DAB4F4 /* c08.png */ = {isa = PBXFileReference; lastKnownFileType = image.png; path = c08.png; sourceTree = "<group>"; };
		91AAE4F71362352300DAB4F4 /* c09.png */ = {isa = PBXFileReference; lastKnownFileType = image.png; path = c09.png; sourceTree = "<group>"; };
		91AAE4F81362352300DAB4F4 /* c10.png */ = {isa = PBXFileReference; lastKnownFileType = image.png; path = c10.png; sourceTree = "<group>"; };
		91AAE4F91362352300DAB4F4 /* c11.png */ = {isa = PBXFileReference; lastKnownFileType = image.png; path = c11.png; sourceTree = "<group>"; };
		91AAE4FA1362352300DAB4F4 /* c12.png */ = {isa = PBXFileReference; lastKnownFileType = image.png; path = c12.png; sourceTree = "<group>"; };
		91AAE4FB1362352300DAB4F4 /* c13.png */ = {isa = PBXFileReference; lastKnownFileType = image.png; path = c13.png; sourceTree = "<group>"; };
		91AAE4FD1362352300DAB4F4 /* cards.plist */ = {isa = PBXFileReference; fileEncoding = 4; lastKnownFileType = text.plist.xml; path = cards.plist; sourceTree = "<group>"; };
		91AAE4FE1362352300DAB4F4 /* d01.png */ = {isa = PBXFileReference; lastKnownFileType = image.png; path = d01.png; sourceTree = "<group>"; };
		91AAE4FF1362352300DAB4F4 /* d02.png */ = {isa = PBXFileReference; lastKnownFileType = image.png; path = d02.png; sourceTree = "<group>"; };
		91AAE5001362352300DAB4F4 /* d03.png */ = {isa = PBXFileReference; lastKnownFileType = image.png; path = d03.png; sourceTree = "<group>"; };
		91AAE5011362352300DAB4F4 /* d04.png */ = {isa = PBXFileReference; lastKnownFileType = image.png; path = d04.png; sourceTree = "<group>"; };
		91AAE5021362352300DAB4F4 /* d05.png */ = {isa = PBXFileReference; lastKnownFileType = image.png; path = d05.png; sourceTree = "<group>"; };
		91AAE5031362352300DAB4F4 /* d06.png */ = {isa = PBXFileReference; lastKnownFileType = image.png; path = d06.png; sourceTree = "<group>"; };
		91AAE5041362352300DAB4F4 /* d07.png */ = {isa = PBXFileReference; lastKnownFileType = image.png; path = d07.png; sourceTree = "<group>"; };
		91AAE5051362352300DAB4F4 /* d08.png */ = {isa = PBXFileReference; lastKnownFileType = image.png; path = d08.png; sourceTree = "<group>"; };
		91AAE5061362352300DAB4F4 /* d09.png */ = {isa = PBXFileReference; lastKnownFileType = image.png; path = d09.png; sourceTree = "<group>"; };
		91AAE5071362352300DAB4F4 /* d10.png */ = {isa = PBXFileReference; lastKnownFileType = image.png; path = d10.png; sourceTree = "<group>"; };
		91AAE5081362352300DAB4F4 /* d11.png */ = {isa = PBXFileReference; lastKnownFileType = image.png; path = d11.png; sourceTree = "<group>"; };
		91AAE5091362352300DAB4F4 /* d12.png */ = {isa = PBXFileReference; lastKnownFileType = image.png; path = d12.png; sourceTree = "<group>"; };
		91AAE50A1362352300DAB4F4 /* d13.png */ = {isa = PBXFileReference; lastKnownFileType = image.png; path = d13.png; sourceTree = "<group>"; };
		91AAE50B1362352300DAB4F4 /* generate.py */ = {isa = PBXFileReference; fileEncoding = 4; lastKnownFileType = text.script.python; path = generate.py; sourceTree = "<group>"; };
		91AAE50C1362352300DAB4F4 /* h01.png */ = {isa = PBXFileReference; lastKnownFileType = image.png; path = h01.png; sourceTree = "<group>"; };
		91AAE50D1362352300DAB4F4 /* h02.png */ = {isa = PBXFileReference; lastKnownFileType = image.png; path = h02.png; sourceTree = "<group>"; };
		91AAE50E1362352300DAB4F4 /* h03.png */ = {isa = PBXFileReference; lastKnownFileType = image.png; path = h03.png; sourceTree = "<group>"; };
		91AAE50F1362352300DAB4F4 /* h04.png */ = {isa = PBXFileReference; lastKnownFileType = image.png; path = h04.png; sourceTree = "<group>"; };
		91AAE5101362352300DAB4F4 /* h05.png */ = {isa = PBXFileReference; lastKnownFileType = image.png; path = h05.png; sourceTree = "<group>"; };
		91AAE5111362352300DAB4F4 /* h06.png */ = {isa = PBXFileReference; lastKnownFileType = image.png; path = h06.png; sourceTree = "<group>"; };
		91AAE5121362352300DAB4F4 /* h07.png */ = {isa = PBXFileReference; lastKnownFileType = image.png; path = h07.png; sourceTree = "<group>"; };
		91AAE5131362352300DAB4F4 /* h08.png */ = {isa = PBXFileReference; lastKnownFileType = image.png; path = h08.png; sourceTree = "<group>"; };
		91AAE5141362352300DAB4F4 /* h09.png */ = {isa = PBXFileReference; lastKnownFileType = image.png; path = h09.png; sourceTree = "<group>"; };
		91AAE5151362352300DAB4F4 /* h10.png */ = {isa = PBXFileReference; lastKnownFileType = image.png; path = h10.png; sourceTree = "<group>"; };
		91AAE5161362352300DAB4F4 /* h11.png */ = {isa = PBXFileReference; lastKnownFileType = image.png; path = h11.png; sourceTree = "<group>"; };
		91AAE5171362352300DAB4F4 /* h12.png */ = {isa = PBXFileReference; lastKnownFileType = image.png; path = h12.png; sourceTree = "<group>"; };
		91AAE5181362352300DAB4F4 /* h13.png */ = {isa = PBXFileReference; lastKnownFileType = image.png; path = h13.png; sourceTree = "<group>"; };
		91AAE5191362352300DAB4F4 /* s01.png */ = {isa = PBXFileReference; lastKnownFileType = image.png; path = s01.png; sourceTree = "<group>"; };
		91AAE51A1362352300DAB4F4 /* s02.png */ = {isa = PBXFileReference; lastKnownFileType = image.png; path = s02.png; sourceTree = "<group>"; };
		91AAE51B1362352300DAB4F4 /* s03.png */ = {isa = PBXFileReference; lastKnownFileType = image.png; path = s03.png; sourceTree = "<group>"; };
		91AAE51C1362352300DAB4F4 /* s04.png */ = {isa = PBXFileReference; lastKnownFileType = image.png; path = s04.png; sourceTree = "<group>"; };
		91AAE51D1362352300DAB4F4 /* s05.png */ = {isa = PBXFileReference; lastKnownFileType = image.png; path = s05.png; sourceTree = "<group>"; };
		91AAE51E1362352300DAB4F4 /* s06.png */ = {isa = PBXFileReference; lastKnownFileType = image.png; path = s06.png; sourceTree = "<group>"; };
		91AAE51F1362352300DAB4F4 /* s07.png */ = {isa = PBXFileReference; lastKnownFileType = image.png; path = s07.png; sourceTree = "<group>"; };
		91AAE5201362352300DAB4F4 /* s08.png */ = {isa = PBXFileReference; lastKnownFileType = image.png; path = s08.png; sourceTree = "<group>"; };
		91AAE5211362352300DAB4F4 /* s09.png */ = {isa = PBXFileReference; lastKnownFileType = image.png; path = s09.png; sourceTree = "<group>"; };
		91AAE5221362352300DAB4F4 /* s10.png */ = {isa = PBXFileReference; lastKnownFileType = image.png; path = s10.png; sourceTree = "<group>"; };
		91AAE5231362352300DAB4F4 /* s11.png */ = {isa = PBXFileReference; lastKnownFileType = image.png; path = s11.png; sourceTree = "<group>"; };
		91AAE5241362352300DAB4F4 /* s12.png */ = {isa = PBXFileReference; lastKnownFileType = image.png; path = s12.png; sourceTree = "<group>"; };
		91AAE5251362352300DAB4F4 /* s13.png */ = {isa = PBXFileReference; lastKnownFileType = image.png; path = s13.png; sourceTree = "<group>"; };
		91AAE5651362C1F700DAB4F4 /* CardViewController.h */ = {isa = PBXFileReference; fileEncoding = 4; lastKnownFileType = sourcecode.c.h; path = CardViewController.h; sourceTree = "<group>"; };
		91AAE5661362C1F700DAB4F4 /* CardViewController.m */ = {isa = PBXFileReference; fileEncoding = 4; lastKnownFileType = sourcecode.c.objc; path = CardViewController.m; sourceTree = "<group>"; };
		91AAE5671362C1F700DAB4F4 /* CardViewController.xib */ = {isa = PBXFileReference; fileEncoding = 4; lastKnownFileType = file.xib; path = CardViewController.xib; sourceTree = "<group>"; };
		91B35B79136374C700794102 /* launch_image_retina.png */ = {isa = PBXFileReference; lastKnownFileType = image.png; path = launch_image_retina.png; sourceTree = "<group>"; };
		91B35B7A136374C700794102 /* launch_image.png */ = {isa = PBXFileReference; lastKnownFileType = image.png; path = launch_image.png; sourceTree = "<group>"; };
		91B35B7F1363750000794102 /* icon.png */ = {isa = PBXFileReference; lastKnownFileType = image.png; path = icon.png; sourceTree = "<group>"; };
		91B35B811363750A00794102 /* icon_retina.png */ = {isa = PBXFileReference; lastKnownFileType = image.png; path = icon_retina.png; sourceTree = "<group>"; };
		91B35B831363751400794102 /* Default.png */ = {isa = PBXFileReference; lastKnownFileType = image.png; path = Default.png; sourceTree = "<group>"; };
		91B35B851363751C00794102 /* Default@2x.png */ = {isa = PBXFileReference; lastKnownFileType = image.png; path = "Default@2x.png"; sourceTree = "<group>"; };
		91B35B87136375A200794102 /* fabric-texture.png */ = {isa = PBXFileReference; lastKnownFileType = image.png; path = "fabric-texture.png"; sourceTree = "<group>"; };
		91B35B88136375A200794102 /* fabric-texture@2x.png */ = {isa = PBXFileReference; lastKnownFileType = image.png; path = "fabric-texture@2x.png"; sourceTree = "<group>"; };
/* End PBXFileReference section */

/* Begin PBXFrameworksBuildPhase section */
		91AAE4991362218100DAB4F4 /* Frameworks */ = {
			isa = PBXFrameworksBuildPhase;
			buildActionMask = 2147483647;
			files = (
				91AAE4A11362218100DAB4F4 /* UIKit.framework in Frameworks */,
				91AAE4A31362218100DAB4F4 /* Foundation.framework in Frameworks */,
				91AAE4A51362218100DAB4F4 /* CoreGraphics.framework in Frameworks */,
			);
			runOnlyForDeploymentPostprocessing = 0;
		};
/* End PBXFrameworksBuildPhase section */

/* Begin PBXGroup section */
		91AAE4911362218100DAB4F4 = {
			isa = PBXGroup;
			children = (
				91B35B851363751C00794102 /* Default@2x.png */,
				91B35B831363751400794102 /* Default.png */,
				91B35B811363750A00794102 /* icon_retina.png */,
				91B35B7F1363750000794102 /* icon.png */,
				91AAE4EE1362352300DAB4F4 /* Playing Cards */,
				91AAE4A61362218100DAB4F4 /* Cards */,
				91AAE49F1362218100DAB4F4 /* Frameworks */,
				91AAE49D1362218100DAB4F4 /* Products */,
			);
			sourceTree = "<group>";
		};
		91AAE49D1362218100DAB4F4 /* Products */ = {
			isa = PBXGroup;
			children = (
				91AAE49C1362218100DAB4F4 /* Cards.app */,
			);
			name = Products;
			sourceTree = "<group>";
		};
		91AAE49F1362218100DAB4F4 /* Frameworks */ = {
			isa = PBXGroup;
			children = (
				91AAE4A01362218100DAB4F4 /* UIKit.framework */,
				91AAE4A21362218100DAB4F4 /* Foundation.framework */,
				91AAE4A41362218100DAB4F4 /* CoreGraphics.framework */,
			);
			name = Frameworks;
			sourceTree = "<group>";
		};
		91AAE4A61362218100DAB4F4 /* Cards */ = {
			isa = PBXGroup;
			children = (
				91AAE4AF1362218100DAB4F4 /* CardsAppDelegate.h */,
				91AAE4B01362218100DAB4F4 /* CardsAppDelegate.m */,
				91AAE4B21362218200DAB4F4 /* MainWindow.xib */,
				91AAE4A71362218100DAB4F4 /* Supporting Files */,
				91AAE4BA136221F000DAB4F4 /* ScrollViewController.h */,
				91AAE4BB136221F000DAB4F4 /* ScrollViewController.m */,
				91AAE4BC136221F000DAB4F4 /* ScrollViewController.xib */,
				91AAE5651362C1F700DAB4F4 /* CardViewController.h */,
				91AAE5661362C1F700DAB4F4 /* CardViewController.m */,
				91AAE5671362C1F700DAB4F4 /* CardViewController.xib */,
			);
			path = Cards;
			sourceTree = "<group>";
		};
		91AAE4A71362218100DAB4F4 /* Supporting Files */ = {
			isa = PBXGroup;
			children = (
				91B35B87136375A200794102 /* fabric-texture.png */,
				91B35B88136375A200794102 /* fabric-texture@2x.png */,
				91B35B79136374C700794102 /* launch_image_retina.png */,
				91B35B7A136374C700794102 /* launch_image.png */,
				91AAE4A81362218100DAB4F4 /* Cards-Info.plist */,
				91AAE4A91362218100DAB4F4 /* InfoPlist.strings */,
				91AAE4AC1362218100DAB4F4 /* Cards-Prefix.pch */,
				91AAE4AD1362218100DAB4F4 /* main.m */,
			);
			name = "Supporting Files";
			sourceTree = "<group>";
		};
		91AAE4EE1362352300DAB4F4 /* Playing Cards */ = {
			isa = PBXGroup;
			children = (
				91AAE4EF1362352300DAB4F4 /* c01.png */,
				91AAE4F01362352300DAB4F4 /* c02.png */,
				91AAE4F11362352300DAB4F4 /* c03.png */,
				91AAE4F21362352300DAB4F4 /* c04.png */,
				91AAE4F31362352300DAB4F4 /* c05.png */,
				91AAE4F41362352300DAB4F4 /* c06.png */,
				91AAE4F51362352300DAB4F4 /* c07.png */,
				91AAE4F61362352300DAB4F4 /* c08.png */,
				91AAE4F71362352300DAB4F4 /* c09.png */,
				91AAE4F81362352300DAB4F4 /* c10.png */,
				91AAE4F91362352300DAB4F4 /* c11.png */,
				91AAE4FA1362352300DAB4F4 /* c12.png */,
				91AAE4FB1362352300DAB4F4 /* c13.png */,
				91AAE4FD1362352300DAB4F4 /* cards.plist */,
				91AAE4FE1362352300DAB4F4 /* d01.png */,
				91AAE4FF1362352300DAB4F4 /* d02.png */,
				91AAE5001362352300DAB4F4 /* d03.png */,
				91AAE5011362352300DAB4F4 /* d04.png */,
				91AAE5021362352300DAB4F4 /* d05.png */,
				91AAE5031362352300DAB4F4 /* d06.png */,
				91AAE5041362352300DAB4F4 /* d07.png */,
				91AAE5051362352300DAB4F4 /* d08.png */,
				91AAE5061362352300DAB4F4 /* d09.png */,
				91AAE5071362352300DAB4F4 /* d10.png */,
				91AAE5081362352300DAB4F4 /* d11.png */,
				91AAE5091362352300DAB4F4 /* d12.png */,
				91AAE50A1362352300DAB4F4 /* d13.png */,
				91AAE50B1362352300DAB4F4 /* generate.py */,
				91AAE50C1362352300DAB4F4 /* h01.png */,
				91AAE50D1362352300DAB4F4 /* h02.png */,
				91AAE50E1362352300DAB4F4 /* h03.png */,
				91AAE50F1362352300DAB4F4 /* h04.png */,
				91AAE5101362352300DAB4F4 /* h05.png */,
				91AAE5111362352300DAB4F4 /* h06.png */,
				91AAE5121362352300DAB4F4 /* h07.png */,
				91AAE5131362352300DAB4F4 /* h08.png */,
				91AAE5141362352300DAB4F4 /* h09.png */,
				91AAE5151362352300DAB4F4 /* h10.png */,
				91AAE5161362352300DAB4F4 /* h11.png */,
				91AAE5171362352300DAB4F4 /* h12.png */,
				91AAE5181362352300DAB4F4 /* h13.png */,
				91AAE5191362352300DAB4F4 /* s01.png */,
				91AAE51A1362352300DAB4F4 /* s02.png */,
				91AAE51B1362352300DAB4F4 /* s03.png */,
				91AAE51C1362352300DAB4F4 /* s04.png */,
				91AAE51D1362352300DAB4F4 /* s05.png */,
				91AAE51E1362352300DAB4F4 /* s06.png */,
				91AAE51F1362352300DAB4F4 /* s07.png */,
				91AAE5201362352300DAB4F4 /* s08.png */,
				91AAE5211362352300DAB4F4 /* s09.png */,
				91AAE5221362352300DAB4F4 /* s10.png */,
				91AAE5231362352300DAB4F4 /* s11.png */,
				91AAE5241362352300DAB4F4 /* s12.png */,
				91AAE5251362352300DAB4F4 /* s13.png */,
			);
			path = "Playing Cards";
			sourceTree = "<group>";
		};
/* End PBXGroup section */

/* Begin PBXNativeTarget section */
		91AAE49B1362218100DAB4F4 /* Cards */ = {
			isa = PBXNativeTarget;
			buildConfigurationList = 91AAE4B71362218200DAB4F4 /* Build configuration list for PBXNativeTarget "Cards" */;
			buildPhases = (
				91AAE4981362218100DAB4F4 /* Sources */,
				91AAE4991362218100DAB4F4 /* Frameworks */,
				91AAE49A1362218100DAB4F4 /* Resources */,
			);
			buildRules = (
			);
			dependencies = (
			);
			name = Cards;
			productName = Cards;
			productReference = 91AAE49C1362218100DAB4F4 /* Cards.app */;
			productType = "com.apple.product-type.application";
		};
/* End PBXNativeTarget section */

/* Begin PBXProject section */
		91AAE4931362218100DAB4F4 /* Project object */ = {
			isa = PBXProject;
			buildConfigurationList = 91AAE4961362218100DAB4F4 /* Build configuration list for PBXProject "Cards" */;
			compatibilityVersion = "Xcode 3.2";
			developmentRegion = English;
			hasScannedForEncodings = 0;
			knownRegions = (
				en,
			);
			mainGroup = 91AAE4911362218100DAB4F4;
			productRefGroup = 91AAE49D1362218100DAB4F4 /* Products */;
			projectDirPath = "";
			projectRoot = "";
			targets = (
				91AAE49B1362218100DAB4F4 /* Cards */,
			);
		};
/* End PBXProject section */

/* Begin PBXResourcesBuildPhase section */
		91AAE49A1362218100DAB4F4 /* Resources */ = {
			isa = PBXResourcesBuildPhase;
			buildActionMask = 2147483647;
			files = (
				91AAE4AB1362218100DAB4F4 /* InfoPlist.strings in Resources */,
				91AAE4B41362218200DAB4F4 /* MainWindow.xib in Resources */,
				91AAE4BE136221F000DAB4F4 /* ScrollViewController.xib in Resources */,
				91AAE5261362352300DAB4F4 /* c01.png in Resources */,
				91AAE5271362352300DAB4F4 /* c02.png in Resources */,
				91AAE5281362352300DAB4F4 /* c03.png in Resources */,
				91AAE5291362352300DAB4F4 /* c04.png in Resources */,
				91AAE52A1362352300DAB4F4 /* c05.png in Resources */,
				91AAE52B1362352300DAB4F4 /* c06.png in Resources */,
				91AAE52C1362352300DAB4F4 /* c07.png in Resources */,
				91AAE52D1362352300DAB4F4 /* c08.png in Resources */,
				91AAE52E1362352300DAB4F4 /* c09.png in Resources */,
				91AAE52F1362352300DAB4F4 /* c10.png in Resources */,
				91AAE5301362352300DAB4F4 /* c11.png in Resources */,
				91AAE5311362352300DAB4F4 /* c12.png in Resources */,
				91AAE5321362352300DAB4F4 /* c13.png in Resources */,
				91AAE5341362352300DAB4F4 /* cards.plist in Resources */,
				91AAE5351362352300DAB4F4 /* d01.png in Resources */,
				91AAE5361362352300DAB4F4 /* d02.png in Resources */,
				91AAE5371362352300DAB4F4 /* d03.png in Resources */,
				91AAE5381362352300DAB4F4 /* d04.png in Resources */,
				91AAE5391362352300DAB4F4 /* d05.png in Resources */,
				91AAE53A1362352300DAB4F4 /* d06.png in Resources */,
				91AAE53B1362352300DAB4F4 /* d07.png in Resources */,
				91AAE53C1362352300DAB4F4 /* d08.png in Resources */,
				91AAE53D1362352300DAB4F4 /* d09.png in Resources */,
				91AAE53E1362352300DAB4F4 /* d10.png in Resources */,
				91AAE53F1362352300DAB4F4 /* d11.png in Resources */,
				91AAE5401362352300DAB4F4 /* d12.png in Resources */,
				91AAE5411362352300DAB4F4 /* d13.png in Resources */,
				91AAE5421362352300DAB4F4 /* generate.py in Resources */,
				91AAE5431362352300DAB4F4 /* h01.png in Resources */,
				91AAE5441362352300DAB4F4 /* h02.png in Resources */,
				91AAE5451362352300DAB4F4 /* h03.png in Resources */,
				91AAE5461362352300DAB4F4 /* h04.png in Resources */,
				91AAE5471362352300DAB4F4 /* h05.png in Resources */,
				91AAE5481362352300DAB4F4 /* h06.png in Resources */,
				91AAE5491362352300DAB4F4 /* h07.png in Resources */,
				91AAE54A1362352300DAB4F4 /* h08.png in Resources */,
				91AAE54B1362352400DAB4F4 /* h09.png in Resources */,
				91AAE54C1362352400DAB4F4 /* h10.png in Resources */,
				91AAE54D1362352400DAB4F4 /* h11.png in Resources */,
				91AAE54E1362352400DAB4F4 /* h12.png in Resources */,
				91AAE54F1362352400DAB4F4 /* h13.png in Resources */,
				91AAE5501362352400DAB4F4 /* s01.png in Resources */,
				91AAE5511362352400DAB4F4 /* s02.png in Resources */,
				91AAE5521362352400DAB4F4 /* s03.png in Resources */,
				91AAE5531362352400DAB4F4 /* s04.png in Resources */,
				91AAE5541362352400DAB4F4 /* s05.png in Resources */,
				91AAE5551362352400DAB4F4 /* s06.png in Resources */,
				91AAE5561362352400DAB4F4 /* s07.png in Resources */,
				91AAE5571362352400DAB4F4 /* s08.png in Resources */,
				91AAE5581362352400DAB4F4 /* s09.png in Resources */,
				91AAE5591362352400DAB4F4 /* s10.png in Resources */,
				91AAE55A1362352400DAB4F4 /* s11.png in Resources */,
				91AAE55B1362352400DAB4F4 /* s12.png in Resources */,
				91AAE55C1362352400DAB4F4 /* s13.png in Resources */,
				91AAE5691362C1F800DAB4F4 /* CardViewController.xib in Resources */,
				91B35B7D136374C700794102 /* launch_image_retina.png in Resources */,
				91B35B7E136374C700794102 /* launch_image.png in Resources */,
				91B35B801363750000794102 /* icon.png in Resources */,
				91B35B821363750A00794102 /* icon_retina.png in Resources */,
				91B35B841363751400794102 /* Default.png in Resources */,
				91B35B861363751C00794102 /* Default@2x.png in Resources */,
				91B35B89136375A200794102 /* fabric-texture.png in Resources */,
				91B35B8A136375A200794102 /* fabric-texture@2x.png in Resources */,
			);
			runOnlyForDeploymentPostprocessing = 0;
		};
/* End PBXResourcesBuildPhase section */

/* Begin PBXSourcesBuildPhase section */
		91AAE4981362218100DAB4F4 /* Sources */ = {
			isa = PBXSourcesBuildPhase;
			buildActionMask = 2147483647;
			files = (
				91AAE4AE1362218100DAB4F4 /* main.m in Sources */,
				91AAE4B11362218100DAB4F4 /* CardsAppDelegate.m in Sources */,
				91AAE4BD136221F000DAB4F4 /* ScrollViewController.m in Sources */,
				91AAE5681362C1F800DAB4F4 /* CardViewController.m in Sources */,
			);
			runOnlyForDeploymentPostprocessing = 0;
		};
/* End PBXSourcesBuildPhase section */

/* Begin PBXVariantGroup section */
		91AAE4A91362218100DAB4F4 /* InfoPlist.strings */ = {
			isa = PBXVariantGroup;
			children = (
				91AAE4AA1362218100DAB4F4 /* en */,
			);
			name = InfoPlist.strings;
			sourceTree = "<group>";
		};
		91AAE4B21362218200DAB4F4 /* MainWindow.xib */ = {
			isa = PBXVariantGroup;
			children = (
				91AAE4B31362218200DAB4F4 /* en */,
			);
			name = MainWindow.xib;
			sourceTree = "<group>";
		};
/* End PBXVariantGroup section */

/* Begin XCBuildConfiguration section */
		91AAE4B51362218200DAB4F4 /* Debug */ = {
			isa = XCBuildConfiguration;
			buildSettings = {
				ARCHS = "$(ARCHS_STANDARD_32_BIT)";
				"CODE_SIGN_IDENTITY[sdk=iphoneos*]" = "iPhone Developer";
				GCC_C_LANGUAGE_STANDARD = gnu99;
				GCC_OPTIMIZATION_LEVEL = 0;
				GCC_PREPROCESSOR_DEFINITIONS = DEBUG;
				GCC_SYMBOLS_PRIVATE_EXTERN = NO;
				GCC_VERSION = com.apple.compilers.llvmgcc42;
				GCC_WARN_ABOUT_RETURN_TYPE = YES;
				GCC_WARN_UNUSED_VARIABLE = YES;
				IPHONEOS_DEPLOYMENT_TARGET = 4.3;
				SDKROOT = iphoneos;
			};
			name = Debug;
		};
		91AAE4B61362218200DAB4F4 /* Release */ = {
			isa = XCBuildConfiguration;
			buildSettings = {
				ARCHS = "$(ARCHS_STANDARD_32_BIT)";
				"CODE_SIGN_IDENTITY[sdk=iphoneos*]" = "iPhone Developer";
				GCC_C_LANGUAGE_STANDARD = gnu99;
				GCC_VERSION = com.apple.compilers.llvmgcc42;
				GCC_WARN_ABOUT_RETURN_TYPE = YES;
				GCC_WARN_UNUSED_VARIABLE = YES;
				IPHONEOS_DEPLOYMENT_TARGET = 4.3;
				OTHER_CFLAGS = "-DNS_BLOCK_ASSERTIONS=1";
				SDKROOT = iphoneos;
			};
			name = Release;
		};
		91AAE4B81362218200DAB4F4 /* Debug */ = {
			isa = XCBuildConfiguration;
			buildSettings = {
				ALWAYS_SEARCH_USER_PATHS = NO;
				COPY_PHASE_STRIP = NO;
				GCC_DYNAMIC_NO_PIC = NO;
				GCC_PRECOMPILE_PREFIX_HEADER = YES;
				GCC_PREFIX_HEADER = "Cards/Cards-Prefix.pch";
				INFOPLIST_FILE = "Cards/Cards-Info.plist";
				PRODUCT_NAME = "$(TARGET_NAME)";
				WRAPPER_EXTENSION = app;
			};
			name = Debug;
		};
		91AAE4B91362218200DAB4F4 /* Release */ = {
			isa = XCBuildConfiguration;
			buildSettings = {
				ALWAYS_SEARCH_USER_PATHS = NO;
				COPY_PHASE_STRIP = YES;
				GCC_PRECOMPILE_PREFIX_HEADER = YES;
				GCC_PREFIX_HEADER = "Cards/Cards-Prefix.pch";
				INFOPLIST_FILE = "Cards/Cards-Info.plist";
				PRODUCT_NAME = "$(TARGET_NAME)";
				VALIDATE_PRODUCT = YES;
				WRAPPER_EXTENSION = app;
			};
			name = Release;
		};
/* End XCBuildConfiguration section */

/* Begin XCConfigurationList section */
		91AAE4961362218100DAB4F4 /* Build configuration list for PBXProject "Cards" */ = {
			isa = XCConfigurationList;
			buildConfigurations = (
				91AAE4B51362218200DAB4F4 /* Debug */,
				91AAE4B61362218200DAB4F4 /* Release */,
			);
			defaultConfigurationIsVisible = 0;
			defaultConfigurationName = Release;
		};
		91AAE4B71362218200DAB4F4 /* Build configuration list for PBXNativeTarget "Cards" */ = {
			isa = XCConfigurationList;
			buildConfigurations = (
				91AAE4B81362218200DAB4F4 /* Debug */,
				91AAE4B91362218200DAB4F4 /* Release */,
			);
			defaultConfigurationIsVisible = 0;
			defaultConfigurationName = Release;
		};
/* End XCConfigurationList section */
	};
	rootObject = 91AAE4931362218100DAB4F4 /* Project object */;
}
